
Microsoft Visual Studio Solution File, Format Version 12.00
# Visual Studio Version 16
VisualStudioVersion = 16.0.30804.86
MinimumVisualStudioVersion = 10.0.40219.1
Project("{FAE04EC0-301F-11D3-BF4B-00C04F79EFBC}") = "IntegralLaplasConverter", "IntegralLaplasConverter\IntegralLaplasConverter.csproj", "{988F80BA-CAA8-49A4-867C-55CF9945ED94}"
EndProject
Global
	GlobalSection(SolutionConfigurationPlatforms) = preSolution
		Debug|Any CPU = Debug|Any CPU
		Release|Any CPU = Release|Any CPU
	EndGlobalSection
	GlobalSection(ProjectConfigurationPlatforms) = postSolution
		{988F80BA-CAA8-49A4-867C-55CF9945ED94}.Debug|Any CPU.ActiveCfg = Debug|Any CPU
		{988F80BA-CAA8-49A4-867C-55CF9945ED94}.Debug|Any CPU.Build.0 = Debug|Any CPU
		{988F80BA-CAA8-49A4-867C-55CF9945ED94}.Release|Any CPU.ActiveCfg = Release|Any CPU
		{988F80BA-CAA8-49A4-867C-55CF9945ED94}.Release|Any CPU.Build.0 = Release|Any CPU
	EndGlobalSection
	GlobalSection(SolutionProperties) = preSolution
		HideSolutionNode = FALSE
	EndGlobalSection
	GlobalSection(ExtensibilityGlobals) = postSolution
		SolutionGuid = {37D3F74C-4434-4F4E-BA2E-76FED0C2585A}
	EndGlobalSection
EndGlobal
